
Microsoft Visual Studio Solution File, Format Version 12.00
# Visual Studio Version 16
VisualStudioVersion = 16.0.29905.134
MinimumVisualStudioVersion = 10.0.40219.1
Project("{FAE04EC0-301F-11D3-BF4B-00C04F79EFBC}") = "POS.Web", "POS.Web\POS.Web.csproj", "{517917A5-741B-4121-BD86-6CC4DE236948}"
EndProject
Project("{FAE04EC0-301F-11D3-BF4B-00C04F79EFBC}") = "POS.DataModel", "POS.DataModel\POS.DataModel.csproj", "{80F5AF65-C44A-4F13-907B-B3B346303392}"
EndProject
Global
	GlobalSection(SolutionConfigurationPlatforms) = preSolution
		Debug|Any CPU = Debug|Any CPU
		Release|Any CPU = Release|Any CPU
	EndGlobalSection
	GlobalSection(ProjectConfigurationPlatforms) = postSolution
		{517917A5-741B-4121-BD86-6CC4DE236948}.Debug|Any CPU.ActiveCfg = Debug|Any CPU
		{517917A5-741B-4121-BD86-6CC4DE236948}.Debug|Any CPU.Build.0 = Debug|Any CPU
		{517917A5-741B-4121-BD86-6CC4DE236948}.Release|Any CPU.ActiveCfg = Release|Any CPU
		{517917A5-741B-4121-BD86-6CC4DE236948}.Release|Any CPU.Build.0 = Release|Any CPU
		{80F5AF65-C44A-4F13-907B-B3B346303392}.Debug|Any CPU.ActiveCfg = Debug|Any CPU
		{80F5AF65-C44A-4F13-907B-B3B346303392}.Debug|Any CPU.Build.0 = Debug|Any CPU
		{80F5AF65-C44A-4F13-907B-B3B346303392}.Release|Any CPU.ActiveCfg = Release|Any CPU
		{80F5AF65-C44A-4F13-907B-B3B346303392}.Release|Any CPU.Build.0 = Release|Any CPU
	EndGlobalSection
	GlobalSection(SolutionProperties) = preSolution
		HideSolutionNode = FALSE
	EndGlobalSection
	GlobalSection(ExtensibilityGlobals) = postSolution
		SolutionGuid = {F6389D2F-C44E-418F-9310-F824E02DBB1E}
	EndGlobalSection
EndGlobal
